
Microsoft Visual Studio Solution File, Format Version 12.00
# Visual Studio 15
Project("{FAE04EC0-301F-11D3-BF4B-00C04F79EFBC}") = "test.Android", "test.Android\test.Android.csproj", "{3F63AD3C-4036-4D63-A71A-2F1700276EF8}"
EndProject
Project("{FAE04EC0-301F-11D3-BF4B-00C04F79EFBC}") = "test.iOS", "test.iOS\test.iOS.csproj", "{6FA6D345-781F-4D58-9595-6D7DB6DBE94D}"
EndProject
Project("{FAE04EC0-301F-11D3-BF4B-00C04F79EFBC}") = "test", "test\test.csproj", "{8D31E04E-D9F4-4729-B30A-DE2160C46BB0}"
EndProject
Global
	GlobalSection(SolutionConfigurationPlatforms) = preSolution
		Debug|Any CPU = Debug|Any CPU
		Release|Any CPU = Release|Any CPU
		Debug|iPhoneSimulator = Debug|iPhoneSimulator
		Release|iPhoneSimulator = Release|iPhoneSimulator
		Debug|iPhone = Debug|iPhone
		Release|iPhone = Release|iPhone
		Ad-Hoc|iPhone = Ad-Hoc|iPhone
		AppStore|iPhone = AppStore|iPhone
	EndGlobalSection
	GlobalSection(ProjectConfigurationPlatforms) = postSolution
		{3F63AD3C-4036-4D63-A71A-2F1700276EF8}.Debug|Any CPU.ActiveCfg = Debug|Any CPU
		{3F63AD3C-4036-4D63-A71A-2F1700276EF8}.Debug|Any CPU.Build.0 = Debug|Any CPU
		{3F63AD3C-4036-4D63-A71A-2F1700276EF8}.Release|Any CPU.ActiveCfg = Release|Any CPU
		{3F63AD3C-4036-4D63-A71A-2F1700276EF8}.Release|Any CPU.Build.0 = Release|Any CPU
		{3F63AD3C-4036-4D63-A71A-2F1700276EF8}.Debug|iPhoneSimulator.ActiveCfg = Debug|Any CPU
		{3F63AD3C-4036-4D63-A71A-2F1700276EF8}.Debug|iPhoneSimulator.Build.0 = Debug|Any CPU
		{3F63AD3C-4036-4D63-A71A-2F1700276EF8}.Release|iPhoneSimulator.ActiveCfg = Release|Any CPU
		{3F63AD3C-4036-4D63-A71A-2F1700276EF8}.Release|iPhoneSimulator.Build.0 = Release|Any CPU
		{3F63AD3C-4036-4D63-A71A-2F1700276EF8}.Debug|iPhone.ActiveCfg = Debug|Any CPU
		{3F63AD3C-4036-4D63-A71A-2F1700276EF8}.Debug|iPhone.Build.0 = Debug|Any CPU
		{3F63AD3C-4036-4D63-A71A-2F1700276EF8}.Release|iPhone.ActiveCfg = Release|Any CPU
		{3F63AD3C-4036-4D63-A71A-2F1700276EF8}.Release|iPhone.Build.0 = Release|Any CPU
		{3F63AD3C-4036-4D63-A71A-2F1700276EF8}.Ad-Hoc|iPhone.ActiveCfg = Debug|Any CPU
		{3F63AD3C-4036-4D63-A71A-2F1700276EF8}.Ad-Hoc|iPhone.Build.0 = Debug|Any CPU
		{3F63AD3C-4036-4D63-A71A-2F1700276EF8}.AppStore|iPhone.ActiveCfg = Debug|Any CPU
		{3F63AD3C-4036-4D63-A71A-2F1700276EF8}.AppStore|iPhone.Build.0 = Debug|Any CPU
		{6FA6D345-781F-4D58-9595-6D7DB6DBE94D}.Debug|Any CPU.ActiveCfg = Debug|iPhoneSimulator
		{6FA6D345-781F-4D58-9595-6D7DB6DBE94D}.Debug|Any CPU.Build.0 = Debug|iPhoneSimulator
		{6FA6D345-781F-4D58-9595-6D7DB6DBE94D}.Release|Any CPU.ActiveCfg = Release|iPhoneSimulator
		{6FA6D345-781F-4D58-9595-6D7DB6DBE94D}.Release|Any CPU.Build.0 = Release|iPhoneSimulator
		{6FA6D345-781F-4D58-9595-6D7DB6DBE94D}.Debug|iPhoneSimulator.ActiveCfg = Debug|iPhoneSimulator
		{6FA6D345-781F-4D58-9595-6D7DB6DBE94D}.Debug|iPhoneSimulator.Build.0 = Debug|iPhoneSimulator
		{6FA6D345-781F-4D58-9595-6D7DB6DBE94D}.Release|iPhoneSimulator.ActiveCfg = Release|iPhoneSimulator
		{6FA6D345-781F-4D58-9595-6D7DB6DBE94D}.Release|iPhoneSimulator.Build.0 = Release|iPhoneSimulator
		{6FA6D345-781F-4D58-9595-6D7DB6DBE94D}.Debug|iPhone.ActiveCfg = Debug|iPhone
		{6FA6D345-781F-4D58-9595-6D7DB6DBE94D}.Debug|iPhone.Build.0 = Debug|iPhone
		{6FA6D345-781F-4D58-9595-6D7DB6DBE94D}.Release|iPhone.ActiveCfg = Release|iPhone
		{6FA6D345-781F-4D58-9595-6D7DB6DBE94D}.Release|iPhone.Build.0 = Release|iPhone
		{6FA6D345-781F-4D58-9595-6D7DB6DBE94D}.Ad-Hoc|iPhone.ActiveCfg = Ad-Hoc|iPhone
		{6FA6D345-781F-4D58-9595-6D7DB6DBE94D}.Ad-Hoc|iPhone.Build.0 = Ad-Hoc|iPhone
		{6FA6D345-781F-4D58-9595-6D7DB6DBE94D}.AppStore|iPhone.ActiveCfg = AppStore|iPhone
		{6FA6D345-781F-4D58-9595-6D7DB6DBE94D}.AppStore|iPhone.Build.0 = AppStore|iPhone
		{8D31E04E-D9F4-4729-B30A-DE2160C46BB0}.Debug|Any CPU.ActiveCfg = Debug|Any CPU
		{8D31E04E-D9F4-4729-B30A-DE2160C46BB0}.Debug|Any CPU.Build.0 = Debug|Any CPU
		{8D31E04E-D9F4-4729-B30A-DE2160C46BB0}.Release|Any CPU.ActiveCfg = Release|Any CPU
		{8D31E04E-D9F4-4729-B30A-DE2160C46BB0}.Release|Any CPU.Build.0 = Release|Any CPU
		{8D31E04E-D9F4-4729-B30A-DE2160C46BB0}.Debug|iPhoneSimulator.ActiveCfg = Debug|Any CPU
		{8D31E04E-D9F4-4729-B30A-DE2160C46BB0}.Debug|iPhoneSimulator.Build.0 = Debug|Any CPU
		{8D31E04E-D9F4-4729-B30A-DE2160C46BB0}.Release|iPhoneSimulator.ActiveCfg = Release|Any CPU
		{8D31E04E-D9F4-4729-B30A-DE2160C46BB0}.Release|iPhoneSimulator.Build.0 = Release|Any CPU
		{8D31E04E-D9F4-4729-B30A-DE2160C46BB0}.Debug|iPhone.ActiveCfg = Debug|Any CPU
		{8D31E04E-D9F4-4729-B30A-DE2160C46BB0}.Debug|iPhone.Build.0 = Debug|Any CPU
		{8D31E04E-D9F4-4729-B30A-DE2160C46BB0}.Release|iPhone.ActiveCfg = Release|Any CPU
		{8D31E04E-D9F4-4729-B30A-DE2160C46BB0}.Release|iPhone.Build.0 = Release|Any CPU
		{8D31E04E-D9F4-4729-B30A-DE2160C46BB0}.Ad-Hoc|iPhone.ActiveCfg = Debug|Any CPU
		{8D31E04E-D9F4-4729-B30A-DE2160C46BB0}.Ad-Hoc|iPhone.Build.0 = Debug|Any CPU
		{8D31E04E-D9F4-4729-B30A-DE2160C46BB0}.AppStore|iPhone.ActiveCfg = Debug|Any CPU
		{8D31E04E-D9F4-4729-B30A-DE2160C46BB0}.AppStore|iPhone.Build.0 = Debug|Any CPU
	EndGlobalSection
EndGlobal
